<?xml version="1.0" encoding="utf-8"?>
<Project ToolsVersion="4.0" xmlns="http://schemas.microsoft.com/developer/msbuild/2003">
  <ItemGroup>
    <Filter Include="Source Files">
      <UniqueIdentifier>{4FC737F1-C7A5-4376-A066-2A32D752A2FF}</UniqueIdentifier>
      <Extensions>cpp;c;cxx;def;odl;idl;hpj;bat;asm;asmx</Extensions>
    </Filter>
    <Filter Include="Header Files">
      <UniqueIdentifier>{93995380-89BD-4b04-88EB-625FBE52EBFB}</UniqueIdentifier>
      <Extensions>h;hpp;hxx;hm;inl;inc;xsd</Extensions>
    </Filter>
    <Filter Include="Resource Files">
      <UniqueIdentifier>{67DA6AB6-F800-4c08-8B7A-83BB121AAD01}</UniqueIdentifier>
      <Extensions>rc;ico;cur;bmp;dlg;rc2;rct;bin;rgs;gif;jpg;jpeg;jpe;resx</Extensions>
    </Filter>
    <Filter Include="UT">
      <UniqueIdentifier>{52a13df3-d17a-49df-bf9d-45d1af2ab275}</UniqueIdentifier>
    </Filter>
    <Filter Include="Launcher">
      <UniqueIdentifier>{fd4a3083-a6b8-4385-beb4-439d75c14ba5}</UniqueIdentifier>
    </Filter>
    <Filter Include="Dump">
      <UniqueIdentifier>{37e9f697-9612-4d74-ba90-8332e39f19ba}</UniqueIdentifier>
    </Filter>
  </ItemGroup>
  <ItemGroup>
    <ClCompile Include="CSGuard.cpp">
      <Filter>Source Files</Filter>
    </ClCompile>
    <ClCompile Include="CSGuardDlg.cpp">
      <Filter>Source Files</Filter>
    </ClCompile>
    <ClCompile Include="stdafx.cpp">
      <Filter>Source Files</Filter>
    </ClCompile>
    <ClCompile Include="..\..\CSClient\Ut\OXTaskbarIcon.cpp">
      <Filter>UT</Filter>
    </ClCompile>
    <ClCompile Include="Inspector\GuardAction.cpp">
      <Filter>Launcher</Filter>
    </ClCompile>
    <ClCompile Include="Inspector\Launcher.cpp">
      <Filter>Launcher</Filter>
    </ClCompile>
    <ClCompile Include="..\..\CSChair\dmpstuff\ExceptionAttacher.cpp">
      <Filter>Dump</Filter>
    </ClCompile>
    <ClCompile Include="..\..\CSChair\dmpstuff\ExceptionHandler.cpp">
      <Filter>Dump</Filter>
    </ClCompile>
  </ItemGroup>
  <ItemGroup>
    <ClInclude Include="CSGuard.h">
      <Filter>Header Files</Filter>
    </ClInclude>
    <ClInclude Include="CSGuardDlg.h">
      <Filter>Header Files</Filter>
    </ClInclude>
    <ClInclude Include="Resource.h">
      <Filter>Header Files</Filter>
    </ClInclude>
    <ClInclude Include="stdafx.h">
      <Filter>Header Files</Filter>
    </ClInclude>
    <ClInclude Include="..\..\CSClient\Ut\OXTaskbarIcon.h">
      <Filter>UT</Filter>
    </ClInclude>
    <ClInclude Include="Inspector\GuardAction.h">
      <Filter>Launcher</Filter>
    </ClInclude>
    <ClInclude Include="Inspector\IAction.h">
      <Filter>Launcher</Filter>
    </ClInclude>
    <ClInclude Include="Inspector\Launcher.h">
      <Filter>Launcher</Filter>
    </ClInclude>
    <ClInclude Include="..\..\CSChair\dmpstuff\ExceptionHandler.h">
      <Filter>Dump</Filter>
    </ClInclude>
  </ItemGroup>
  <ItemGroup>
    <Image Include="res\CSGuard.ico">
      <Filter>Resource Files</Filter>
    </Image>
  </ItemGroup>
  <ItemGroup>
    <ResourceCompile Include="CSGuard.rc">
      <Filter>Resource Files</Filter>
    </ResourceCompile>
  </ItemGroup>
  <ItemGroup>
    <None Include="res\CSGuard.rc2">
      <Filter>Resource Files</Filter>
    </None>
    <None Include="..\..\CSClient\Ut\OXTaskbarIcon.inl">
      <Filter>UT</Filter>
    </None>
  </ItemGroup>
  <ItemGroup>
    <Manifest Include="res\CSGuard.manifest" />
  </ItemGroup>
</Project>