<?xml version="1.0" encoding="utf-8"?>
<Project ToolsVersion="4.0" xmlns="http://schemas.microsoft.com/developer/msbuild/2003">
  <ItemGroup>
    <Filter Include="Source Files">
      <UniqueIdentifier>{4FC737F1-C7A5-4376-A066-2A32D752A2FF}</UniqueIdentifier>
      <Extensions>cpp;c;cxx;def;odl;idl;hpj;bat;asm;asmx</Extensions>
    </Filter>
    <Filter Include="Header Files">
      <UniqueIdentifier>{93995380-89BD-4b04-88EB-625FBE52EBFB}</UniqueIdentifier>
      <Extensions>h;hpp;hxx;hm;inl;inc;xsd</Extensions>
    </Filter>
    <Filter Include="Resource Files">
      <UniqueIdentifier>{67DA6AB6-F800-4c08-8B7A-83BB121AAD01}</UniqueIdentifier>
      <Extensions>rc;ico;cur;bmp;dlg;rc2;rct;bin;rgs;gif;jpg;jpeg;jpe;resx</Extensions>
    </Filter>
    <Filter Include="Resource Files\www">
      <UniqueIdentifier>{5e89b824-c0a4-4c73-ab1a-35374d06cf18}</UniqueIdentifier>
    </Filter>
    <Filter Include="MODE_Video">
      <UniqueIdentifier>{6e313d5e-fce9-42b0-a9e2-45b3d80e8edf}</UniqueIdentifier>
    </Filter>
    <Filter Include="MODE_Archive">
      <UniqueIdentifier>{4ae5f255-90cb-48be-8fd0-5ec2ad22a804}</UniqueIdentifier>
    </Filter>
    <Filter Include="MODE_Algorithm">
      <UniqueIdentifier>{b7e3dc06-4753-4daf-9b9d-ccb68ef3bde5}</UniqueIdentifier>
    </Filter>
    <Filter Include="MODE_Settings">
      <UniqueIdentifier>{b99eaa6e-c35b-4581-8d3b-e81d1618734a}</UniqueIdentifier>
    </Filter>
    <Filter Include="MODE_Report">
      <UniqueIdentifier>{c86c3a52-aeb2-4c65-beb6-c7b6e7ded1c1}</UniqueIdentifier>
    </Filter>
    <Filter Include="MODE_TrainData">
      <UniqueIdentifier>{84715eb9-b7e4-4dc0-b8e1-7b832edc0223}</UniqueIdentifier>
    </Filter>
    <Filter Include="CommonView">
      <UniqueIdentifier>{a6e3541e-441d-4a11-b9ef-4df92d2f038e}</UniqueIdentifier>
    </Filter>
    <Filter Include="CommonView\VideoRender">
      <UniqueIdentifier>{07fc7657-1ccc-423c-9ee1-3d2a7b231519}</UniqueIdentifier>
    </Filter>
    <Filter Include="Background">
      <UniqueIdentifier>{ee2a713f-51be-4ef6-bed1-a376f3cb4fa3}</UniqueIdentifier>
    </Filter>
    <Filter Include="Chair">
      <UniqueIdentifier>{7fc6a035-7812-401e-8197-7fb86c32a4ee}</UniqueIdentifier>
    </Filter>
    <Filter Include="DBFacet">
      <UniqueIdentifier>{3ef5e7a5-5c81-42ed-be08-f2175f0278ac}</UniqueIdentifier>
    </Filter>
    <Filter Include="DBFacet\Engine">
      <UniqueIdentifier>{e796e0aa-f282-46a0-af98-5ad174299f30}</UniqueIdentifier>
    </Filter>
    <Filter Include="Layout">
      <UniqueIdentifier>{883c6ca0-0eb3-499a-beda-d6fb4768368a}</UniqueIdentifier>
    </Filter>
    <Filter Include="GUI">
      <UniqueIdentifier>{6e997404-e23b-41c7-8e44-1f3670bc3c91}</UniqueIdentifier>
    </Filter>
    <Filter Include="GUI\UT">
      <UniqueIdentifier>{82f15989-61ae-427d-aa42-4d4e73329367}</UniqueIdentifier>
    </Filter>
    <Filter Include="GUI\AlphaToolBar">
      <UniqueIdentifier>{0f24287c-f3fa-4983-9ab1-1327e758ea0f}</UniqueIdentifier>
    </Filter>
    <Filter Include="GUI\Balloon">
      <UniqueIdentifier>{1826d323-17ad-485f-9124-209ee6b8b087}</UniqueIdentifier>
    </Filter>
    <Filter Include="GUI\DHTML">
      <UniqueIdentifier>{455108ff-759b-475b-8aba-fdaa82d3106c}</UniqueIdentifier>
    </Filter>
    <Filter Include="GUI\Grid">
      <UniqueIdentifier>{50555b55-d90a-4e4a-9047-8250ffc652c6}</UniqueIdentifier>
    </Filter>
    <Filter Include="GUI\BitmapButton">
      <UniqueIdentifier>{e67a1d3c-8467-4908-804d-6a78441b7067}</UniqueIdentifier>
    </Filter>
    <Filter Include="GUI\PropertyList">
      <UniqueIdentifier>{0d0a9f7e-ecae-4923-b5cf-8f23f29fb818}</UniqueIdentifier>
    </Filter>
    <Filter Include="GUI\RangeCtrl">
      <UniqueIdentifier>{20b148b8-c7b7-48fb-ad7c-708b63c54c8a}</UniqueIdentifier>
    </Filter>
    <Filter Include="GUI\ReadOnlyEdit">
      <UniqueIdentifier>{504b2472-967c-4a7a-8ea3-4cede9a31d30}</UniqueIdentifier>
    </Filter>
    <Filter Include="GUI\Seeker">
      <UniqueIdentifier>{8144257a-a39a-488d-b9a3-9692e7577155}</UniqueIdentifier>
    </Filter>
    <Filter Include="GUI\Splitter">
      <UniqueIdentifier>{6e1037fd-331a-4011-beb4-1f5547496e3e}</UniqueIdentifier>
    </Filter>
    <Filter Include="GUI\HtmlCtrl">
      <UniqueIdentifier>{25045934-5a88-4180-acab-7fb348bde7a2}</UniqueIdentifier>
    </Filter>
    <Filter Include="Video">
      <UniqueIdentifier>{d76a6c71-d769-4eda-88cd-cfbe26ddd909}</UniqueIdentifier>
    </Filter>
    <Filter Include="Dump">
      <UniqueIdentifier>{d843d12d-4013-4e0e-a159-69c847f6f2ab}</UniqueIdentifier>
    </Filter>
    <Filter Include="ExtUtility">
      <UniqueIdentifier>{00dc997f-4d76-4933-b4dd-acde1c34d2b1}</UniqueIdentifier>
    </Filter>
    <Filter Include="ExtUtility\xml">
      <UniqueIdentifier>{8a8edac7-b773-4cea-ad98-89cc82933754}</UniqueIdentifier>
    </Filter>
    <Filter Include="MODE_Diagnostic">
      <UniqueIdentifier>{4fed2b40-e784-44b0-b8f4-6cafcd97772f}</UniqueIdentifier>
    </Filter>
    <Filter Include="MODE_TimeTable">
      <UniqueIdentifier>{eba1a891-252c-4a5b-9d26-404619439e91}</UniqueIdentifier>
    </Filter>
    <Filter Include="MODE_BoxOffice">
      <UniqueIdentifier>{ca933e3f-7270-4fb4-b208-19197180c92e}</UniqueIdentifier>
    </Filter>
    <Filter Include="MODE_Log">
      <UniqueIdentifier>{d499fb7d-4549-4f4f-a760-203664f9a6af}</UniqueIdentifier>
    </Filter>
  </ItemGroup>
  <ItemGroup>
    <ClInclude Include="CacheDC.h">
      <Filter>Source Files</Filter>
    </ClInclude>
    <ClInclude Include="ChildFrm.h">
      <Filter>Source Files</Filter>
    </ClInclude>
    <ClInclude Include="CSClient.h">
      <Filter>Source Files</Filter>
    </ClInclude>
    <ClInclude Include="CSClientDoc.h">
      <Filter>Source Files</Filter>
    </ClInclude>
    <ClInclude Include="CSClientView.h">
      <Filter>Source Files</Filter>
    </ClInclude>
    <ClInclude Include="FastTimer.h">
      <Filter>Source Files</Filter>
    </ClInclude>
    <ClInclude Include="FileDialogEx.h">
      <Filter>Source Files</Filter>
    </ClInclude>
    <ClInclude Include="LineCache.h">
      <Filter>Source Files</Filter>
    </ClInclude>
    <ClInclude Include="LongOperation.h">
      <Filter>Source Files</Filter>
    </ClInclude>
    <ClInclude Include="MainFrm.h">
      <Filter>Source Files</Filter>
    </ClInclude>
    <ClInclude Include="ModuleVersion.h">
      <Filter>Source Files</Filter>
    </ClInclude>
    <ClInclude Include="MultiImageLayout.h">
      <Filter>Source Files</Filter>
    </ClInclude>
    <ClInclude Include="RoomChooser.h">
      <Filter>Source Files</Filter>
    </ClInclude>
    <ClInclude Include="RoomChooserTab.h">
      <Filter>Source Files</Filter>
    </ClInclude>
    <ClInclude Include="StdAfx.h">
      <Filter>Source Files</Filter>
    </ClInclude>
    <ClInclude Include="Res\resource.h">
      <Filter>Header Files</Filter>
    </ClInclude>
    <ClInclude Include="Video_mode\VideoDocument.h">
      <Filter>MODE_Video</Filter>
    </ClInclude>
    <ClInclude Include="Video_mode\VideoFrame.h">
      <Filter>MODE_Video</Filter>
    </ClInclude>
    <ClInclude Include="Video_mode\VideoStatView.h">
      <Filter>MODE_Video</Filter>
    </ClInclude>
    <ClInclude Include="Video_mode\VideoView.h">
      <Filter>MODE_Video</Filter>
    </ClInclude>
    <ClInclude Include="Archive_mode\archive_mode_doc.h">
      <Filter>MODE_Archive</Filter>
    </ClInclude>
    <ClInclude Include="Archive_mode\archive_mode_frm.h">
      <Filter>MODE_Archive</Filter>
    </ClInclude>
    <ClInclude Include="Archive_mode\archive_mode_view.h">
      <Filter>MODE_Archive</Filter>
    </ClInclude>
    <ClInclude Include="Archive_mode\ArchiveContainer.h">
      <Filter>MODE_Archive</Filter>
    </ClInclude>
    <ClInclude Include="Archive_mode\ArchiveDecompressor.h">
      <Filter>MODE_Archive</Filter>
    </ClInclude>
    <ClInclude Include="Archive_mode\ArchiveStatView.h">
      <Filter>MODE_Archive</Filter>
    </ClInclude>
    <ClInclude Include="Archive_mode\FileTransferDialog.h">
      <Filter>MODE_Archive</Filter>
    </ClInclude>
    <ClInclude Include="RangeSelect.h">
      <Filter>MODE_Archive</Filter>
    </ClInclude>
    <ClInclude Include="Archive_mode\VideoControlView.h">
      <Filter>MODE_Archive</Filter>
    </ClInclude>
    <ClInclude Include="Gauge_hall\gauge_hall.h">
      <Filter>MODE_Algorithm</Filter>
    </ClInclude>
    <ClInclude Include="Gauge_hall\gauge_hall_doc.h">
      <Filter>MODE_Algorithm</Filter>
    </ClInclude>
    <ClInclude Include="Gauge_hall\gauge_hall_frm.h">
      <Filter>MODE_Algorithm</Filter>
    </ClInclude>
    <ClInclude Include="Gauge_hall\gauge_hall_view.h">
      <Filter>MODE_Algorithm</Filter>
    </ClInclude>
    <ClInclude Include="Settings_mode\settings_mode_doc.h">
      <Filter>MODE_Settings</Filter>
    </ClInclude>
    <ClInclude Include="Settings_mode\settings_mode_frm.h">
      <Filter>MODE_Settings</Filter>
    </ClInclude>
    <ClInclude Include="Settings_mode\settings_mode_view.h">
      <Filter>MODE_Settings</Filter>
    </ClInclude>
    <ClInclude Include="Report_MODE\ReportDocument.h">
      <Filter>MODE_Report</Filter>
    </ClInclude>
    <ClInclude Include="Report_MODE\ReportFrame.h">
      <Filter>MODE_Report</Filter>
    </ClInclude>
    <ClInclude Include="Report_MODE\ReportParamView.h">
      <Filter>MODE_Report</Filter>
    </ClInclude>
    <ClInclude Include="Report_MODE\ReportView.h">
      <Filter>MODE_Report</Filter>
    </ClInclude>
    <ClInclude Include="TrainData_MODE\ContentSerializer.h">
      <Filter>MODE_TrainData</Filter>
    </ClInclude>
    <ClInclude Include="TrainData_MODE\OffsetChairDialog.h">
      <Filter>MODE_TrainData</Filter>
    </ClInclude>
    <ClInclude Include="TrainData_MODE\RangeCtrl.h">
      <Filter>MODE_TrainData</Filter>
    </ClInclude>
    <ClInclude Include="TrainData_MODE\train_data_doc.h">
      <Filter>MODE_TrainData</Filter>
    </ClInclude>
    <ClInclude Include="TrainData_MODE\train_data_frm.h">
      <Filter>MODE_TrainData</Filter>
    </ClInclude>
    <ClInclude Include="TrainData_MODE\train_data_view.h">
      <Filter>MODE_TrainData</Filter>
    </ClInclude>
    <ClInclude Include="TrainData_MODE\video_tool_bar.h">
      <Filter>MODE_TrainData</Filter>
    </ClInclude>
    <ClInclude Include="CommonView\ArrangeDocument.h">
      <Filter>CommonView</Filter>
    </ClInclude>
    <ClInclude Include="CommonView\ArrangeStatView.h">
      <Filter>CommonView</Filter>
    </ClInclude>
    <ClInclude Include="CommonView\ArrangeView.h">
      <Filter>CommonView</Filter>
    </ClInclude>
    <ClInclude Include="CommonView\base_idle_view.h">
      <Filter>CommonView</Filter>
    </ClInclude>
    <ClInclude Include="CommonView\ControlHelper.h">
      <Filter>CommonView</Filter>
    </ClInclude>
    <ClInclude Include="CommonView\VideoImage.h">
      <Filter>CommonView</Filter>
    </ClInclude>
    <ClInclude Include="CommonView\wv_message.h">
      <Filter>CommonView</Filter>
    </ClInclude>
    <ClInclude Include="Commonview\VideoRender\ArrayRender.h">
      <Filter>CommonView\VideoRender</Filter>
    </ClInclude>
    <ClInclude Include="Commonview\VideoRender\IVideoRender.h">
      <Filter>CommonView\VideoRender</Filter>
    </ClInclude>
    <ClInclude Include="Commonview\VideoRender\MergeRender.h">
      <Filter>CommonView\VideoRender</Filter>
    </ClInclude>
    <ClInclude Include="Commonview\VideoRender\MixedRender.h">
      <Filter>CommonView\VideoRender</Filter>
    </ClInclude>
    <ClInclude Include="Background\Background.h">
      <Filter>Background</Filter>
    </ClInclude>
    <ClInclude Include="Background\EmptyBackground.h">
      <Filter>Background</Filter>
    </ClInclude>
    <ClInclude Include="Background\FrameBackground.h">
      <Filter>Background</Filter>
    </ClInclude>
    <ClInclude Include="Background\ImageBackground.h">
      <Filter>Background</Filter>
    </ClInclude>
    <ClInclude Include="Background\PicBackground.h">
      <Filter>Background</Filter>
    </ClInclude>
    <ClInclude Include="Background\Sync.h">
      <Filter>Background</Filter>
    </ClInclude>
    <ClInclude Include="Background\VideoBackground.h">
      <Filter>Background</Filter>
    </ClInclude>
    <ClInclude Include="Chair\ChairLink.h">
      <Filter>Chair</Filter>
    </ClInclude>
    <ClInclude Include="Chair\ChairSerializer.h">
      <Filter>Chair</Filter>
    </ClInclude>
    <ClInclude Include="Chair\UtilityChair.h">
      <Filter>Chair</Filter>
    </ClInclude>
    <ClInclude Include="DBFacet\CfgDB.h">
      <Filter>DBFacet</Filter>
    </ClInclude>
    <ClInclude Include="DBFacet\DBRoomChooser.h">
      <Filter>DBFacet</Filter>
    </ClInclude>
    <ClInclude Include="DBFacet\DBSerializer.h">
      <Filter>DBFacet</Filter>
    </ClInclude>
    <ClInclude Include="DBFacet\StatisticDB.h">
      <Filter>DBFacet</Filter>
    </ClInclude>
    <ClInclude Include="..\CSEngine\DBFacet\CinemaDB.h">
      <Filter>DBFacet\Engine</Filter>
    </ClInclude>
    <ClInclude Include="..\CSEngine\DBFacet\CinemaOleDB.h">
      <Filter>DBFacet\Engine</Filter>
    </ClInclude>
    <ClInclude Include="..\CSEngine\DBFacet\DBHelper.h">
      <Filter>DBFacet\Engine</Filter>
    </ClInclude>
    <ClInclude Include="..\CSEngine\DBFacet\DBRows.h">
      <Filter>DBFacet\Engine</Filter>
    </ClInclude>
    <ClInclude Include="..\CSEngine\DBFacet\ExchangeParam.h">
      <Filter>DBFacet\Engine</Filter>
    </ClInclude>
    <ClInclude Include="..\CSEngine\DBFacet\MemoryBackground.h">
      <Filter>DBFacet\Engine</Filter>
    </ClInclude>
    <ClInclude Include="..\CSEngine\DBFacet\OleDBConnection.h">
      <Filter>DBFacet\Engine</Filter>
    </ClInclude>
    <ClInclude Include="..\CSEngine\DBFacet\ProtocolTable.h">
      <Filter>DBFacet\Engine</Filter>
    </ClInclude>
    <ClInclude Include="..\CSEngine\DBFacet\StatTable.h">
      <Filter>DBFacet\Engine</Filter>
    </ClInclude>
    <ClInclude Include="..\CSEngine\DBFacet\TimeHelper.h">
      <Filter>DBFacet\Engine</Filter>
    </ClInclude>
    <ClInclude Include="..\CSEngine\DBFacet\TimeTable.h">
      <Filter>DBFacet\Engine</Filter>
    </ClInclude>
    <ClInclude Include="Layout\CameraGrabDialog.h">
      <Filter>Layout</Filter>
    </ClInclude>
    <ClInclude Include="Layout\FileGrabDialog.h">
      <Filter>Layout</Filter>
    </ClInclude>
    <ClInclude Include="Layout\LayerHelperDialog.h">
      <Filter>Layout</Filter>
    </ClInclude>
    <ClInclude Include="Layout\LayerHelperSpinDialog.h">
      <Filter>Layout</Filter>
    </ClInclude>
    <ClInclude Include="Layout\LayoutDialog.h">
      <Filter>Layout</Filter>
    </ClInclude>
    <ClInclude Include="Layout\LayoutIDDialog.h">
      <Filter>Layout</Filter>
    </ClInclude>
    <ClInclude Include="Layout\LayoutValidate.h">
      <Filter>Layout</Filter>
    </ClInclude>
    <ClInclude Include="Layout\LayoutWnd.h">
      <Filter>Layout</Filter>
    </ClInclude>
    <ClInclude Include="Layout\RenumberDialog.h">
      <Filter>Layout</Filter>
    </ClInclude>
    <ClInclude Include="Layout\SelectArrangementDlg.h">
      <Filter>Layout</Filter>
    </ClInclude>
    <ClInclude Include="Gui\Subclass.h">
      <Filter>GUI</Filter>
    </ClInclude>
    <ClInclude Include="Gui\AlphaToolbar\AlphaImageList.h">
      <Filter>GUI\AlphaToolBar</Filter>
    </ClInclude>
    <ClInclude Include="Gui\AlphaToolbar\AlphaToolBar.h">
      <Filter>GUI\AlphaToolBar</Filter>
    </ClInclude>
    <ClInclude Include="Gui\AlphaToolbar\MenuBar.h">
      <Filter>GUI\AlphaToolBar</Filter>
    </ClInclude>
    <ClInclude Include="Gui\Balloon\BalloonHelp.h">
      <Filter>GUI\Balloon</Filter>
    </ClInclude>
    <ClInclude Include="Gui\Dhtml\DHTMLUIIncludes.h">
      <Filter>GUI\DHTML</Filter>
    </ClInclude>
    <ClInclude Include="Gui\Dhtml\Globals.h">
      <Filter>GUI\DHTML</Filter>
    </ClInclude>
    <ClInclude Include="Gui\Dhtml\HtmlDialog.h">
      <Filter>GUI\DHTML</Filter>
    </ClInclude>
    <ClInclude Include="Gui\Dhtml\HtmlResourceHelper.h">
      <Filter>GUI\DHTML</Filter>
    </ClInclude>
    <ClInclude Include="Gui\Dhtml\HtmlViewEx.h">
      <Filter>GUI\DHTML</Filter>
    </ClInclude>
    <ClInclude Include="Gui\Dhtml\HtmlViewExSite.h">
      <Filter>GUI\DHTML</Filter>
    </ClInclude>
    <ClInclude Include="Gui\Grid\CellRange.h">
      <Filter>GUI\Grid</Filter>
    </ClInclude>
    <ClInclude Include="Gui\Grid\GridCell.h">
      <Filter>GUI\Grid</Filter>
    </ClInclude>
    <ClInclude Include="Gui\Grid\GridCellBase.h">
      <Filter>GUI\Grid</Filter>
    </ClInclude>
    <ClInclude Include="Gui\Grid\GridCellDateTime.h">
      <Filter>GUI\Grid</Filter>
    </ClInclude>
    <ClInclude Include="Gui\Grid\GridCtrl.h">
      <Filter>GUI\Grid</Filter>
    </ClInclude>
    <ClInclude Include="Gui\Grid\GridDropTarget.h">
      <Filter>GUI\Grid</Filter>
    </ClInclude>
    <ClInclude Include="Gui\Grid\InPlaceEdit.h">
      <Filter>GUI\Grid</Filter>
    </ClInclude>
    <ClInclude Include="Gui\Grid\MemDC.h">
      <Filter>GUI\Grid</Filter>
    </ClInclude>
    <ClInclude Include="Gui\Grid\TitleTip.h">
      <Filter>GUI\Grid</Filter>
    </ClInclude>
    <ClInclude Include="Gui\HoverBitmapButton\BtnST.h">
      <Filter>GUI\BitmapButton</Filter>
    </ClInclude>
    <ClInclude Include="Gui\HoverBitmapButton\ThemeHelperST.h">
      <Filter>GUI\BitmapButton</Filter>
    </ClInclude>
    <ClInclude Include="Gui\HoverBitmapButton\XPStyleButtonST.h">
      <Filter>GUI\BitmapButton</Filter>
    </ClInclude>
    <ClInclude Include="Gui\PropertyList\Callback.h">
      <Filter>GUI\PropertyList</Filter>
    </ClInclude>
    <ClInclude Include="Gui\PropertyList\CJFlatComboBox.h">
      <Filter>GUI\PropertyList</Filter>
    </ClInclude>
    <ClInclude Include="Gui\PropertyList\NumEdit.h">
      <Filter>GUI\PropertyList</Filter>
    </ClInclude>
    <ClInclude Include="Gui\PropertyList\PropertyListBox.h">
      <Filter>GUI\PropertyList</Filter>
    </ClInclude>
    <ClInclude Include="Gui\RangeCtrl\MemDC.h">
      <Filter>GUI\RangeCtrl</Filter>
    </ClInclude>
    <ClInclude Include="Gui\RangeCtrl\RangeSlider.h">
      <Filter>GUI\RangeCtrl</Filter>
    </ClInclude>
    <ClInclude Include="Gui\ReadOnlyEdit\ReadOnlyEdit.h">
      <Filter>GUI\ReadOnlyEdit</Filter>
    </ClInclude>
    <ClInclude Include="Gui\Slider\NewSliderCtrl.h">
      <Filter>GUI\Seeker</Filter>
    </ClInclude>
    <ClInclude Include="Gui\Slider\SeekToolBar.h">
      <Filter>GUI\Seeker</Filter>
    </ClInclude>
    <ClInclude Include="Gui\Splitter\FlatSplitterWnd.h">
      <Filter>GUI\Splitter</Filter>
    </ClInclude>
    <ClInclude Include="Gui\HtmlCtrl\HtmlCtrl.h">
      <Filter>GUI\HtmlCtrl</Filter>
    </ClInclude>
    <ClInclude Include="Video\avi_io.h">
      <Filter>Video</Filter>
    </ClInclude>
    <ClInclude Include="Video\AviIOGrabber.h">
      <Filter>Video</Filter>
    </ClInclude>
    <ClInclude Include="Video\AviIOShow.h">
      <Filter>Video</Filter>
    </ClInclude>
    <ClInclude Include="Video\CameraManager.h">
      <Filter>Video</Filter>
    </ClInclude>
    <ClInclude Include="..\CSChair\dmpstuff\ExceptionHandler.h">
      <Filter>Dump</Filter>
    </ClInclude>
    <ClInclude Include="..\CSChair\public\NameParse.h">
      <Filter>ExtUtility</Filter>
    </ClInclude>
    <ClInclude Include="..\CSChair\xml\xmllite.h">
      <Filter>ExtUtility\xml</Filter>
    </ClInclude>
    <ClInclude Include="Diagnostic_MODE\Diagnostic_mode_doc.h">
      <Filter>MODE_Diagnostic</Filter>
    </ClInclude>
    <ClInclude Include="Diagnostic_MODE\Diagnostic_mode_frm.h">
      <Filter>MODE_Diagnostic</Filter>
    </ClInclude>
    <ClInclude Include="Diagnostic_MODE\Diagnostic_mode_view.h">
      <Filter>MODE_Diagnostic</Filter>
    </ClInclude>
    <ClInclude Include="Timetable_mode\timetable_mode_doc.h">
      <Filter>MODE_TimeTable</Filter>
    </ClInclude>
    <ClInclude Include="Timetable_mode\timetable_mode_frm.h">
      <Filter>MODE_TimeTable</Filter>
    </ClInclude>
    <ClInclude Include="Timetable_mode\timetable_mode_view.h">
      <Filter>MODE_TimeTable</Filter>
    </ClInclude>
    <ClInclude Include="Boxoffice_mode\boxoffice_mode_doc.h">
      <Filter>MODE_BoxOffice</Filter>
    </ClInclude>
    <ClInclude Include="Boxoffice_mode\boxoffice_mode_frm.h">
      <Filter>MODE_BoxOffice</Filter>
    </ClInclude>
    <ClInclude Include="Boxoffice_mode\boxoffice_mode_view.h">
      <Filter>MODE_BoxOffice</Filter>
    </ClInclude>
    <ClInclude Include="Boxoffice_mode\ExchangeReport.h">
      <Filter>MODE_BoxOffice</Filter>
    </ClInclude>
    <ClInclude Include="Log_mode\ClientLogManager.h">
      <Filter>MODE_Log</Filter>
    </ClInclude>
    <ClInclude Include="..\CSLauncher\HtmlLog\HtmlLog.h">
      <Filter>MODE_Log</Filter>
    </ClInclude>
    <ClInclude Include="Log_mode\log_mode_doc.h">
      <Filter>MODE_Log</Filter>
    </ClInclude>
    <ClInclude Include="Log_mode\log_mode_frm.h">
      <Filter>MODE_Log</Filter>
    </ClInclude>
    <ClInclude Include="Log_mode\log_mode_view.h">
      <Filter>MODE_Log</Filter>
    </ClInclude>
    <ClInclude Include="GUI\HtmlCtrl\FindWinList.h">
      <Filter>GUI\HtmlCtrl</Filter>
    </ClInclude>
  </ItemGroup>
  <ItemGroup>
    <ClCompile Include="ChildFrm.cpp">
      <Filter>Source Files</Filter>
    </ClCompile>
    <ClCompile Include="CSClient.cpp">
      <Filter>Source Files</Filter>
    </ClCompile>
    <ClCompile Include="CSClientDoc.cpp">
      <Filter>Source Files</Filter>
    </ClCompile>
    <ClCompile Include="CSClientView.cpp">
      <Filter>Source Files</Filter>
    </ClCompile>
    <ClCompile Include="FastTimer.cpp">
      <Filter>Source Files</Filter>
    </ClCompile>
    <ClCompile Include="FileDialogEx.cpp">
      <Filter>Source Files</Filter>
    </ClCompile>
    <ClCompile Include="LongOperation.cpp">
      <Filter>Source Files</Filter>
    </ClCompile>
    <ClCompile Include="MainFrm.cpp">
      <Filter>Source Files</Filter>
    </ClCompile>
    <ClCompile Include="MultiImageLayout.cpp">
      <Filter>Source Files</Filter>
    </ClCompile>
    <ClCompile Include="RoomChooser.cpp">
      <Filter>Source Files</Filter>
    </ClCompile>
    <ClCompile Include="RoomChooserTab.cpp">
      <Filter>Source Files</Filter>
    </ClCompile>
    <ClCompile Include="StdAfx.cpp">
      <Filter>Source Files</Filter>
    </ClCompile>
    <ClCompile Include="Video_mode\VideoDocument.cpp">
      <Filter>MODE_Video</Filter>
    </ClCompile>
    <ClCompile Include="Video_mode\VideoFrame.cpp">
      <Filter>MODE_Video</Filter>
    </ClCompile>
    <ClCompile Include="Video_mode\VideoStatView.cpp">
      <Filter>MODE_Video</Filter>
    </ClCompile>
    <ClCompile Include="Video_mode\VideoView.cpp">
      <Filter>MODE_Video</Filter>
    </ClCompile>
    <ClCompile Include="Archive_mode\archive_mode_doc.cpp">
      <Filter>MODE_Archive</Filter>
    </ClCompile>
    <ClCompile Include="Archive_mode\archive_mode_frm.cpp">
      <Filter>MODE_Archive</Filter>
    </ClCompile>
    <ClCompile Include="Archive_mode\archive_mode_view.cpp">
      <Filter>MODE_Archive</Filter>
    </ClCompile>
    <ClCompile Include="Archive_mode\ArchiveContainer.cpp">
      <Filter>MODE_Archive</Filter>
    </ClCompile>
    <ClCompile Include="Archive_mode\ArchiveDecompressor.cpp">
      <Filter>MODE_Archive</Filter>
    </ClCompile>
    <ClCompile Include="Archive_mode\ArchiveStatView.cpp">
      <Filter>MODE_Archive</Filter>
    </ClCompile>
    <ClCompile Include="Archive_mode\FileTransferDialog.cpp">
      <Filter>MODE_Archive</Filter>
    </ClCompile>
    <ClCompile Include="RangeSelect.cpp">
      <Filter>MODE_Archive</Filter>
    </ClCompile>
    <ClCompile Include="Archive_mode\VideoControlView.cpp">
      <Filter>MODE_Archive</Filter>
    </ClCompile>
    <ClCompile Include="Gauge_hall\gauge_hall_doc.cpp">
      <Filter>MODE_Algorithm</Filter>
    </ClCompile>
    <ClCompile Include="Gauge_hall\gauge_hall_frm.cpp">
      <Filter>MODE_Algorithm</Filter>
    </ClCompile>
    <ClCompile Include="Gauge_hall\gauge_hall_view.cpp">
      <Filter>MODE_Algorithm</Filter>
    </ClCompile>
    <ClCompile Include="Settings_mode\settings_mode_doc.cpp">
      <Filter>MODE_Settings</Filter>
    </ClCompile>
    <ClCompile Include="Settings_mode\settings_mode_frm.cpp">
      <Filter>MODE_Settings</Filter>
    </ClCompile>
    <ClCompile Include="Settings_mode\settings_mode_view.cpp">
      <Filter>MODE_Settings</Filter>
    </ClCompile>
    <ClCompile Include="Report_MODE\ReportDocument.cpp">
      <Filter>MODE_Report</Filter>
    </ClCompile>
    <ClCompile Include="Report_MODE\ReportFrame.cpp">
      <Filter>MODE_Report</Filter>
    </ClCompile>
    <ClCompile Include="Report_MODE\ReportParamView.cpp">
      <Filter>MODE_Report</Filter>
    </ClCompile>
    <ClCompile Include="Report_MODE\ReportView.cpp">
      <Filter>MODE_Report</Filter>
    </ClCompile>
    <ClCompile Include="TrainData_MODE\ContentSerializer.cpp">
      <Filter>MODE_TrainData</Filter>
    </ClCompile>
    <ClCompile Include="TrainData_MODE\OffsetChairDialog.cpp">
      <Filter>MODE_TrainData</Filter>
    </ClCompile>
    <ClCompile Include="TrainData_MODE\RangeCtrl.cpp">
      <Filter>MODE_TrainData</Filter>
    </ClCompile>
    <ClCompile Include="TrainData_MODE\train_data_doc.cpp">
      <Filter>MODE_TrainData</Filter>
    </ClCompile>
    <ClCompile Include="TrainData_MODE\train_data_frm.cpp">
      <Filter>MODE_TrainData</Filter>
    </ClCompile>
    <ClCompile Include="TrainData_MODE\train_data_view.cpp">
      <Filter>MODE_TrainData</Filter>
    </ClCompile>
    <ClCompile Include="TrainData_MODE\video_tool_bar.cpp">
      <Filter>MODE_TrainData</Filter>
    </ClCompile>
    <ClCompile Include="CommonView\ArrangeDocument.cpp">
      <Filter>CommonView</Filter>
    </ClCompile>
    <ClCompile Include="CommonView\ArrangeStatView.cpp">
      <Filter>CommonView</Filter>
    </ClCompile>
    <ClCompile Include="CommonView\ArrangeView.cpp">
      <Filter>CommonView</Filter>
    </ClCompile>
    <ClCompile Include="CommonView\base_idle_view.cpp">
      <Filter>CommonView</Filter>
    </ClCompile>
    <ClCompile Include="CommonView\ControlHelper.cpp">
      <Filter>CommonView</Filter>
    </ClCompile>
    <ClCompile Include="CommonView\VideoImage.cpp">
      <Filter>CommonView</Filter>
    </ClCompile>
    <ClCompile Include="Commonview\VideoRender\ArrayRender.cpp">
      <Filter>CommonView\VideoRender</Filter>
    </ClCompile>
    <ClCompile Include="Commonview\VideoRender\MergeRender.cpp">
      <Filter>CommonView\VideoRender</Filter>
    </ClCompile>
    <ClCompile Include="Commonview\VideoRender\MixedRender.cpp">
      <Filter>CommonView\VideoRender</Filter>
    </ClCompile>
    <ClCompile Include="Background\Background.cpp">
      <Filter>Background</Filter>
    </ClCompile>
    <ClCompile Include="Background\EmptyBackground.cpp">
      <Filter>Background</Filter>
    </ClCompile>
    <ClCompile Include="Background\FrameBackground.cpp">
      <Filter>Background</Filter>
    </ClCompile>
    <ClCompile Include="Background\ImageBackground.cpp">
      <Filter>Background</Filter>
    </ClCompile>
    <ClCompile Include="Background\PicBackground.cpp">
      <Filter>Background</Filter>
    </ClCompile>
    <ClCompile Include="Background\VideoBackground.cpp">
      <Filter>Background</Filter>
    </ClCompile>
    <ClCompile Include="Chair\ChairLink.cpp">
      <Filter>Chair</Filter>
    </ClCompile>
    <ClCompile Include="Chair\ChairSerializer.cpp">
      <Filter>Chair</Filter>
    </ClCompile>
    <ClCompile Include="Chair\UtilityChair.cpp">
      <Filter>Chair</Filter>
    </ClCompile>
    <ClCompile Include="DBFacet\CfgDB.cpp">
      <Filter>DBFacet</Filter>
    </ClCompile>
    <ClCompile Include="DBFacet\DBSerializer.cpp">
      <Filter>DBFacet</Filter>
    </ClCompile>
    <ClCompile Include="DBFacet\StatisticDB.cpp">
      <Filter>DBFacet</Filter>
    </ClCompile>
    <ClCompile Include="..\CSEngine\DBFacet\CinemaDB.cpp">
      <Filter>DBFacet\Engine</Filter>
    </ClCompile>
    <ClCompile Include="..\CSEngine\DBFacet\CinemaOleDB.cpp">
      <Filter>DBFacet\Engine</Filter>
    </ClCompile>
    <ClCompile Include="..\CSEngine\DBFacet\ExchangeParam.cpp">
      <Filter>DBFacet\Engine</Filter>
    </ClCompile>
    <ClCompile Include="..\CSEngine\DBFacet\MemoryBackground.cpp">
      <Filter>DBFacet\Engine</Filter>
    </ClCompile>
    <ClCompile Include="..\CSEngine\DBFacet\OleDBConnection.cpp">
      <Filter>DBFacet\Engine</Filter>
    </ClCompile>
    <ClCompile Include="..\CSEngine\DBFacet\ProtocolTable.cpp">
      <Filter>DBFacet\Engine</Filter>
    </ClCompile>
    <ClCompile Include="..\CSEngine\DBFacet\StatTable.cpp">
      <Filter>DBFacet\Engine</Filter>
    </ClCompile>
    <ClCompile Include="..\CSEngine\DBFacet\TimeHelper.cpp">
      <Filter>DBFacet\Engine</Filter>
    </ClCompile>
    <ClCompile Include="..\CSEngine\DBFacet\TimeTable.cpp">
      <Filter>DBFacet\Engine</Filter>
    </ClCompile>
    <ClCompile Include="Layout\CameraGrabDialog.cpp">
      <Filter>Layout</Filter>
    </ClCompile>
    <ClCompile Include="Layout\FileGrabDialog.cpp">
      <Filter>Layout</Filter>
    </ClCompile>
    <ClCompile Include="Layout\LayerHelperDialog.cpp">
      <Filter>Layout</Filter>
    </ClCompile>
    <ClCompile Include="Layout\LayerHelperSpinDialog.cpp">
      <Filter>Layout</Filter>
    </ClCompile>
    <ClCompile Include="Layout\LayoutDialog.cpp">
      <Filter>Layout</Filter>
    </ClCompile>
    <ClCompile Include="Layout\LayoutIDDialog.cpp">
      <Filter>Layout</Filter>
    </ClCompile>
    <ClCompile Include="Layout\LayoutValidate.cpp">
      <Filter>Layout</Filter>
    </ClCompile>
    <ClCompile Include="Layout\LayoutWnd.cpp">
      <Filter>Layout</Filter>
    </ClCompile>
    <ClCompile Include="Layout\RenumberDialog.cpp">
      <Filter>Layout</Filter>
    </ClCompile>
    <ClCompile Include="Layout\SelectArrangementDlg.cpp">
      <Filter>Layout</Filter>
    </ClCompile>
    <ClCompile Include="Gui\Subclass.cpp">
      <Filter>GUI</Filter>
    </ClCompile>
    <ClCompile Include="Ut\OXBitmapButton.cpp">
      <Filter>GUI\UT</Filter>
    </ClCompile>
    <ClCompile Include="Ut\OXCalendar.cpp">
      <Filter>GUI\UT</Filter>
    </ClCompile>
    <ClCompile Include="Ut\OXCalendarPopup.cpp">
      <Filter>GUI\UT</Filter>
    </ClCompile>
    <ClCompile Include="Ut\OXColorPickerCtrl.cpp">
      <Filter>GUI\UT</Filter>
    </ClCompile>
    <ClCompile Include="Ut\OXEdit.cpp">
      <Filter>GUI\UT</Filter>
    </ClCompile>
    <ClCompile Include="Ut\OXHookWnd.cpp">
      <Filter>GUI\UT</Filter>
    </ClCompile>
    <ClCompile Include="Ut\OXItemTip.cpp">
      <Filter>GUI\UT</Filter>
    </ClCompile>
    <ClCompile Include="Ut\OXItemTipWnd.cpp">
      <Filter>GUI\UT</Filter>
    </ClCompile>
    <ClCompile Include="Ut\OXLayoutManager.cpp">
      <Filter>GUI\UT</Filter>
    </ClCompile>
    <ClCompile Include="Ut\OXPopupBarCtrl.cpp">
      <Filter>GUI\UT</Filter>
    </ClCompile>
    <ClCompile Include="Ut\OXToolTipCtrl.cpp">
      <Filter>GUI\UT</Filter>
    </ClCompile>
    <ClCompile Include="Ut\OXTreeCal.cpp">
      <Filter>GUI\UT</Filter>
    </ClCompile>
    <ClCompile Include="Ut\OXTreeCombo.cpp">
      <Filter>GUI\UT</Filter>
    </ClCompile>
    <ClCompile Include="Ut\OXTreeCtrl.cpp">
      <Filter>GUI\UT</Filter>
    </ClCompile>
    <ClCompile Include="Ut\OXTreeEdit.cpp">
      <Filter>GUI\UT</Filter>
    </ClCompile>
    <ClCompile Include="Ut\OXTreeHeader.cpp">
      <Filter>GUI\UT</Filter>
    </ClCompile>
    <ClCompile Include="Ut\OXTreeItem.cpp">
      <Filter>GUI\UT</Filter>
    </ClCompile>
    <ClCompile Include="Gui\AlphaToolbar\AlphaImageList.cpp">
      <Filter>GUI\AlphaToolBar</Filter>
    </ClCompile>
    <ClCompile Include="Gui\AlphaToolbar\AlphaToolBar.cpp">
      <Filter>GUI\AlphaToolBar</Filter>
    </ClCompile>
    <ClCompile Include="Gui\AlphaToolbar\MenuBar.cpp">
      <Filter>GUI\AlphaToolBar</Filter>
    </ClCompile>
    <ClCompile Include="Gui\Balloon\BalloonHelp.cpp">
      <Filter>GUI\Balloon</Filter>
    </ClCompile>
    <ClCompile Include="Gui\Dhtml\Globals.cpp">
      <Filter>GUI\DHTML</Filter>
    </ClCompile>
    <ClCompile Include="Gui\Dhtml\HtmlDialog.cpp">
      <Filter>GUI\DHTML</Filter>
    </ClCompile>
    <ClCompile Include="Gui\Dhtml\HtmlResourceHelper.cpp">
      <Filter>GUI\DHTML</Filter>
    </ClCompile>
    <ClCompile Include="Gui\Dhtml\HtmlViewEx.cpp">
      <Filter>GUI\DHTML</Filter>
    </ClCompile>
    <ClCompile Include="Gui\Dhtml\HtmlViewExSite.cpp">
      <Filter>GUI\DHTML</Filter>
    </ClCompile>
    <ClCompile Include="Gui\Grid\GridCell.cpp">
      <Filter>GUI\Grid</Filter>
    </ClCompile>
    <ClCompile Include="Gui\Grid\GridCellBase.cpp">
      <Filter>GUI\Grid</Filter>
    </ClCompile>
    <ClCompile Include="Gui\Grid\GridCellDateTime.cpp">
      <Filter>GUI\Grid</Filter>
    </ClCompile>
    <ClCompile Include="Gui\Grid\GridCtrl.cpp">
      <Filter>GUI\Grid</Filter>
    </ClCompile>
    <ClCompile Include="Gui\Grid\GridDropTarget.cpp">
      <Filter>GUI\Grid</Filter>
    </ClCompile>
    <ClCompile Include="Gui\Grid\InPlaceEdit.cpp">
      <Filter>GUI\Grid</Filter>
    </ClCompile>
    <ClCompile Include="Gui\Grid\TitleTip.cpp">
      <Filter>GUI\Grid</Filter>
    </ClCompile>
    <ClCompile Include="Gui\HoverBitmapButton\BtnST.cpp">
      <Filter>GUI\BitmapButton</Filter>
    </ClCompile>
    <ClCompile Include="Gui\HoverBitmapButton\ThemeHelperST.cpp">
      <Filter>GUI\BitmapButton</Filter>
    </ClCompile>
    <ClCompile Include="Gui\HoverBitmapButton\XPStyleButtonST.cpp">
      <Filter>GUI\BitmapButton</Filter>
    </ClCompile>
    <ClCompile Include="Gui\PropertyList\CJFlatComboBox.cpp">
      <Filter>GUI\PropertyList</Filter>
    </ClCompile>
    <ClCompile Include="Gui\PropertyList\NumEdit.cpp">
      <Filter>GUI\PropertyList</Filter>
    </ClCompile>
    <ClCompile Include="Gui\PropertyList\PropertyListBox.cpp">
      <Filter>GUI\PropertyList</Filter>
    </ClCompile>
    <ClCompile Include="Gui\RangeCtrl\RangeSlider.cpp">
      <Filter>GUI\RangeCtrl</Filter>
    </ClCompile>
    <ClCompile Include="Gui\ReadOnlyEdit\ReadOnlyEdit.cpp">
      <Filter>GUI\ReadOnlyEdit</Filter>
    </ClCompile>
    <ClCompile Include="Gui\Slider\NewSliderCtrl.cpp">
      <Filter>GUI\Seeker</Filter>
    </ClCompile>
    <ClCompile Include="Gui\Slider\SeekToolBar.cpp">
      <Filter>GUI\Seeker</Filter>
    </ClCompile>
    <ClCompile Include="Gui\Splitter\FlatSplitterWnd.cpp">
      <Filter>GUI\Splitter</Filter>
    </ClCompile>
    <ClCompile Include="Gui\HtmlCtrl\HtmlCtrl.cpp">
      <Filter>GUI\HtmlCtrl</Filter>
    </ClCompile>
    <ClCompile Include="Video\avi_io.cpp">
      <Filter>Video</Filter>
    </ClCompile>
    <ClCompile Include="Video\AviIOGrabber.cpp">
      <Filter>Video</Filter>
    </ClCompile>
    <ClCompile Include="Video\AviIOShow.cpp">
      <Filter>Video</Filter>
    </ClCompile>
    <ClCompile Include="Video\CameraManager.cpp">
      <Filter>Video</Filter>
    </ClCompile>
    <ClCompile Include="..\CSChair\dmpstuff\ExceptionAttacher.cpp">
      <Filter>Dump</Filter>
    </ClCompile>
    <ClCompile Include="..\CSChair\dmpstuff\ExceptionHandler.cpp">
      <Filter>Dump</Filter>
    </ClCompile>
    <ClCompile Include="Common\commandline.cpp">
      <Filter>ExtUtility</Filter>
    </ClCompile>
    <ClCompile Include="..\CSChair\public\NameParse.cpp">
      <Filter>ExtUtility</Filter>
    </ClCompile>
    <ClCompile Include="..\CSChair\xml\xmllite.cpp">
      <Filter>ExtUtility\xml</Filter>
    </ClCompile>
    <ClCompile Include="Diagnostic_MODE\Diagnostic_mode_doc.cpp">
      <Filter>MODE_Diagnostic</Filter>
    </ClCompile>
    <ClCompile Include="Diagnostic_MODE\Diagnostic_mode_frm.cpp">
      <Filter>MODE_Diagnostic</Filter>
    </ClCompile>
    <ClCompile Include="Diagnostic_MODE\Diagnostic_mode_view.cpp">
      <Filter>MODE_Diagnostic</Filter>
    </ClCompile>
    <ClCompile Include="Timetable_mode\timetable_mode_doc.cpp">
      <Filter>MODE_TimeTable</Filter>
    </ClCompile>
    <ClCompile Include="Timetable_mode\timetable_mode_frm.cpp">
      <Filter>MODE_TimeTable</Filter>
    </ClCompile>
    <ClCompile Include="Timetable_mode\timetable_mode_view.cpp">
      <Filter>MODE_TimeTable</Filter>
    </ClCompile>
    <ClCompile Include="Boxoffice_mode\boxoffice_mode_doc.cpp">
      <Filter>MODE_BoxOffice</Filter>
    </ClCompile>
    <ClCompile Include="Boxoffice_mode\boxoffice_mode_frm.cpp">
      <Filter>MODE_BoxOffice</Filter>
    </ClCompile>
    <ClCompile Include="Boxoffice_mode\boxoffice_mode_view.cpp">
      <Filter>MODE_BoxOffice</Filter>
    </ClCompile>
    <ClCompile Include="Boxoffice_mode\ExchangeReport.cpp">
      <Filter>MODE_BoxOffice</Filter>
    </ClCompile>
    <ClCompile Include="Log_mode\ClientLogManager.cpp">
      <Filter>MODE_Log</Filter>
    </ClCompile>
    <ClCompile Include="..\CSLauncher\HtmlLog\HtmlLog.cpp">
      <Filter>MODE_Log</Filter>
    </ClCompile>
    <ClCompile Include="Log_mode\log_mode_doc.cpp">
      <Filter>MODE_Log</Filter>
    </ClCompile>
    <ClCompile Include="Log_mode\log_mode_frm.cpp">
      <Filter>MODE_Log</Filter>
    </ClCompile>
    <ClCompile Include="Log_mode\log_mode_view.cpp">
      <Filter>MODE_Log</Filter>
    </ClCompile>
    <ClCompile Include="GUI\HtmlCtrl\FindWinList.cpp">
      <Filter>GUI\HtmlCtrl</Filter>
    </ClCompile>
  </ItemGroup>
  <ItemGroup>
    <ResourceCompile Include="Res\Ru\CSClient.rc">
      <Filter>Source Files</Filter>
    </ResourceCompile>
  </ItemGroup>
  <ItemGroup>
    <Image Include="Res\En\res\algodebug.bmp">
      <Filter>Resource Files</Filter>
    </Image>
    <Image Include="Res\En\res\bmp00001.bmp">
      <Filter>Resource Files</Filter>
    </Image>
    <Image Include="Res\CommonRes\bmp00002.bmp">
      <Filter>Resource Files</Filter>
    </Image>
    <Image Include="Res\En\res\bmp00002.bmp">
      <Filter>Resource Files</Filter>
    </Image>
    <Image Include="Res\CommonRes\bmp00003.bmp">
      <Filter>Resource Files</Filter>
    </Image>
    <Image Include="Res\En\res\bmp00003.bmp">
      <Filter>Resource Files</Filter>
    </Image>
    <Image Include="Res\En\res\bmp00004.bmp">
      <Filter>Resource Files</Filter>
    </Image>
    <Image Include="Res\CommonRes\bmp00004.bmp">
      <Filter>Resource Files</Filter>
    </Image>
    <Image Include="Res\En\res\Content.bmp">
      <Filter>Resource Files</Filter>
    </Image>
    <Image Include="Res\CommonRes\Content.bmp">
      <Filter>Resource Files</Filter>
    </Image>
    <Image Include="Res\CommonRes\CSClient.ico">
      <Filter>Resource Files</Filter>
    </Image>
    <Image Include="Res\En\res\CSClient.ico">
      <Filter>Resource Files</Filter>
    </Image>
    <Image Include="Res\En\res\CSClientDoc.ico">
      <Filter>Resource Files</Filter>
    </Image>
    <Image Include="Res\CommonRes\CSClientDoc.ico">
      <Filter>Resource Files</Filter>
    </Image>
    <Image Include="Res\En\res\diagnostic.bmp">
      <Filter>Resource Files</Filter>
    </Image>
    <Image Include="Res\CommonRes\diagnostic.bmp">
      <Filter>Resource Files</Filter>
    </Image>
    <Image Include="Res\CommonRes\gauge_hall.bmp">
      <Filter>Resource Files</Filter>
    </Image>
    <Image Include="Res\En\res\gauge_hall.bmp">
      <Filter>Resource Files</Filter>
    </Image>
    <Image Include="Res\En\res\gauge_hall.ico">
      <Filter>Resource Files</Filter>
    </Image>
    <Image Include="Res\CommonRes\gauge_hall.ico">
      <Filter>Resource Files</Filter>
    </Image>
    <Image Include="Res\En\res\Get.bmp">
      <Filter>Resource Files</Filter>
    </Image>
    <Image Include="Res\CommonRes\Get.bmp">
      <Filter>Resource Files</Filter>
    </Image>
    <Image Include="Res\CommonRes\select_video_range.bmp">
      <Filter>Resource Files</Filter>
    </Image>
    <Image Include="Res\En\res\select_video_range.bmp">
      <Filter>Resource Files</Filter>
    </Image>
    <Image Include="Res\CommonRes\Toolbar.bmp">
      <Filter>Resource Files</Filter>
    </Image>
    <Image Include="Res\En\res\Toolbar.bmp">
      <Filter>Resource Files</Filter>
    </Image>
    <Image Include="Res\En\res\toolbar2.bmp">
      <Filter>Resource Files</Filter>
    </Image>
    <Image Include="Res\CommonRes\videotoolbar.bmp">
      <Filter>Resource Files</Filter>
    </Image>
    <Image Include="Res\En\res\videotoolbar.bmp">
      <Filter>Resource Files</Filter>
    </Image>
    <Image Include="Res\CommonRes\ViewChooser.bmp">
      <Filter>Resource Files</Filter>
    </Image>
    <Image Include="Res\En\res\ViewChooser.BMP">
      <Filter>Resource Files</Filter>
    </Image>
  </ItemGroup>
  <ItemGroup>
    <Manifest Include="Res\CommonRes\CSClient.exe.manifest" />
  </ItemGroup>
  <ItemGroup>
    <None Include="Res\gear.avi">
      <Filter>Resource Files</Filter>
    </None>
    <None Include="Res\CommonRes\www\report.css">
      <Filter>Resource Files\www</Filter>
    </None>
    <None Include="Gui\Dhtml\HtmlViewEx.inl">
      <Filter>GUI\DHTML</Filter>
    </None>
    <None Include="Res\CommonRes\gear.avi" />
  </ItemGroup>
  <ItemGroup>
    <Xml Include="Res\Ru\res\www_diff\report1.xsl">
      <Filter>Resource Files\www</Filter>
    </Xml>
  </ItemGroup>
</Project>