Microsoft Visual Studio Solution File, Format Version 8.00
Project("{8BC9CEB8-8B4A-11D0-8D11-00A0C91BC942}") = "CSBackup", "CSBackup.vcproj", "{D48FF8B1-14D1-4A0A-BD8C-E5B2E57B0798}"
	ProjectSection(ProjectDependencies) = postProject
	EndProjectSection
EndProject
Global
	GlobalSection(SolutionConfiguration) = preSolution
		Unicode Debug = Unicode Debug
		Unicode Release = Unicode Release
	EndGlobalSection
	GlobalSection(ProjectConfiguration) = postSolution
		{D48FF8B1-14D1-4A0A-BD8C-E5B2E57B0798}.Unicode Debug.ActiveCfg = Unicode Debug|Win32
		{D48FF8B1-14D1-4A0A-BD8C-E5B2E57B0798}.Unicode Debug.Build.0 = Unicode Debug|Win32
		{D48FF8B1-14D1-4A0A-BD8C-E5B2E57B0798}.Unicode Release.ActiveCfg = Unicode Release|Win32
		{D48FF8B1-14D1-4A0A-BD8C-E5B2E57B0798}.Unicode Release.Build.0 = Unicode Release|Win32
	EndGlobalSection
	GlobalSection(ExtensibilityGlobals) = postSolution
	EndGlobalSection
	GlobalSection(ExtensibilityAddIns) = postSolution
	EndGlobalSection
EndGlobal
