Microsoft Visual Studio Solution File, Format Version 8.00
Project("{8BC9CEB8-8B4A-11D0-8D11-00A0C91BC942}") = "CSVideoClust", "videoclust.vcproj", "{3DE644B5-F880-4AAE-9DA3-D0400652EF75}"
	ProjectSection(ProjectDependencies) = postProject
	EndProjectSection
EndProject
Global
	GlobalSection(SolutionConfiguration) = preSolution
		Unicode Debug = Unicode Debug
		Unicode Release = Unicode Release
	EndGlobalSection
	GlobalSection(ProjectConfiguration) = postSolution
		{3DE644B5-F880-4AAE-9DA3-D0400652EF75}.Unicode Debug.ActiveCfg = Unicode Debug|Win32
		{3DE644B5-F880-4AAE-9DA3-D0400652EF75}.Unicode Debug.Build.0 = Unicode Debug|Win32
		{3DE644B5-F880-4AAE-9DA3-D0400652EF75}.Unicode Release.ActiveCfg = Unicode Release|Win32
		{3DE644B5-F880-4AAE-9DA3-D0400652EF75}.Unicode Release.Build.0 = Unicode Release|Win32
	EndGlobalSection
	GlobalSection(ExtensibilityGlobals) = postSolution
	EndGlobalSection
	GlobalSection(ExtensibilityAddIns) = postSolution
	EndGlobalSection
EndGlobal
