Microsoft Visual Studio Solution File, Format Version 8.00
Project("{8BC9CEB8-8B4A-11D0-8D11-00A0C91BC942}") = "CSOnlineWriter", "CSOnlineWriter.vcproj", "{126F8597-3E94-4F39-80F3-BC2B0CAE62D8}"
	ProjectSection(ProjectDependencies) = postProject
	EndProjectSection
EndProject
Global
	GlobalSection(SolutionConfiguration) = preSolution
		Unicode Debug = Unicode Debug
		Unicode Release = Unicode Release
	EndGlobalSection
	GlobalSection(ProjectConfiguration) = postSolution
		{126F8597-3E94-4F39-80F3-BC2B0CAE62D8}.Unicode Debug.ActiveCfg = Unicode Debug|Win32
		{126F8597-3E94-4F39-80F3-BC2B0CAE62D8}.Unicode Debug.Build.0 = Unicode Debug|Win32
		{126F8597-3E94-4F39-80F3-BC2B0CAE62D8}.Unicode Release.ActiveCfg = Unicode Release|Win32
		{126F8597-3E94-4F39-80F3-BC2B0CAE62D8}.Unicode Release.Build.0 = Unicode Release|Win32
	EndGlobalSection
	GlobalSection(ExtensibilityGlobals) = postSolution
	EndGlobalSection
	GlobalSection(ExtensibilityAddIns) = postSolution
	EndGlobalSection
EndGlobal
